schema: '2.0'
stages:
  data_ingestion:
    cmd: python src/components/data_ingestion.py
    deps:
    - path: src/components/data_ingestion.py
      hash: md5
      md5: 1471ab86ae7f55e4a6aedd2186351c8c
      size: 3554
    params:
      params.yaml:
        data_ingestion.splitting_ratio: 0.8
    outs:
    - path: data/raw
      hash: md5
      md5: 038d3f4413e3492ea8fd67cbb1d33ec3.dir
      size: 23202
      nfiles: 2
  data_transformation:
    cmd: python src/components/data_transformation.py
    deps:
    - path: data/raw
      hash: md5
      md5: 038d3f4413e3492ea8fd67cbb1d33ec3.dir
      size: 23202
      nfiles: 2
    - path: src/components/data_transformation.py
      hash: md5
      md5: 95833288383ac4e08217ef9e732d944a
      size: 4830
    params:
      params.yaml:
        data_transformation.n_steps: 30
    outs:
    - path: data/transformed
      hash: md5
      md5: 9a61a4d4c8eaae97068db5e8e9e5cc23.dir
      size: 102623
      nfiles: 4
  model_training:
    cmd: python src/components/model_training.py
    deps:
    - path: data/transformed
      hash: md5
      md5: 2eaf3d04e3d453a3c7f8169a1977a889.dir
      size: 106792
      nfiles: 4
    - path: src/components/model_training.py
      hash: md5
      md5: 013db32d5a07b21764e03541243ec52e
      size: 4109
    outs:
    - path: model/model/lstm_model.h5
      hash: md5
      md5: faefe681af5523b2075ec254d37f1fa1
      size: 270768
  model_evaluation:
    cmd: python src/components/model_evaluation.py
    deps:
    - path: data/transformed
      hash: md5
      md5: 2eaf3d04e3d453a3c7f8169a1977a889.dir
      size: 106792
      nfiles: 4
    - path: model/model/lstm_model.h5
      hash: md5
      md5: faefe681af5523b2075ec254d37f1fa1
      size: 270768
    - path: src/components/model_evaluation.py
      hash: md5
      md5: 8179e68d5b0f8e6c231818b57a2a0b04
      size: 4747
    outs:
    - path: evaluation/metrics.json
      hash: md5
      md5: 2d870c59e216294708a6877d5ea5e2d5
      size: 97
