schema: '2.0'
stages:
  data_ingestion:
    cmd: python src/components/data_ingestion.py
    deps:
    - path: src/components/data_ingestion.py
      hash: md5
      md5: 1471ab86ae7f55e4a6aedd2186351c8c
      size: 3554
    params:
      params.yaml:
        data_ingestion.splitting_ratio: 0.8
    outs:
    - path: data/raw
      hash: md5
      md5: 038d3f4413e3492ea8fd67cbb1d33ec3.dir
      size: 23202
      nfiles: 2
  data_transformation:
    cmd: python src/components/data_transformation.py
    deps:
    - path: data/raw
      hash: md5
      md5: 038d3f4413e3492ea8fd67cbb1d33ec3.dir
      size: 23202
      nfiles: 2
    - path: src/components/data_transformation.py
      hash: md5
      md5: b6eafb0e4f3a8a22e90c1078f7da1398
      size: 5070
    params:
      params.yaml:
        data_transformation.n_steps: 30
    outs:
    - path: data/transformed
      hash: md5
      md5: 9a61a4d4c8eaae97068db5e8e9e5cc23.dir
      size: 102623
      nfiles: 4
  model_training:
    cmd: python src/components/model_training.py
    deps:
    - path: data/transformed
      hash: md5
      md5: 9a61a4d4c8eaae97068db5e8e9e5cc23.dir
      size: 102623
      nfiles: 4
    - path: src/components/model_training.py
      hash: md5
      md5: cd970051eee6c2574e7dc49b206d175f
      size: 5399
    params:
      params.yaml:
        model_training.activation: relu
        model_training.batch_size: 32
        model_training.beta_1: 0.9
        model_training.beta_2: 0.999
        model_training.clipnorm: 1.0
        model_training.dense_units: 32
        model_training.dropout_ratio: 0.2
        model_training.epochs: 100
        model_training.epsilon: 1e-07
        model_training.learning_rate: 0.001
        model_training.loss: mse
        model_training.lstm_units: 64
        model_training.patience: 20
    outs:
    - path: models/model/lstm_model.h5
      hash: md5
      md5: 698a0867984efb01af64620e5ed8e693
      size: 270768
  model_evaluation:
    cmd: python src/components/model_evaluation.py
    deps:
    - path: data/transformed
      hash: md5
      md5: 9a61a4d4c8eaae97068db5e8e9e5cc23.dir
      size: 102623
      nfiles: 4
    - path: models/model/lstm_model.h5
      hash: md5
      md5: 698a0867984efb01af64620e5ed8e693
      size: 270768
    - path: src/components/model_evaluation.py
      hash: md5
      md5: e795bcb695591a3945b05d6157294409
      size: 4749
    outs:
    - path: evaluation/metrics.json
      hash: md5
      md5: f90eeabfbcc036934652f57e81a4e80a
      size: 98
